
Microsoft Visual Studio Solution File, Format Version 12.00
# Visual Studio Version 16
VisualStudioVersion = 16.0.29215.179
MinimumVisualStudioVersion = 10.0.40219.1
Project("{FAE04EC0-301F-11D3-BF4B-00C04F79EFBC}") = "EntidadesAbstractas", "ClasesAbstractas\EntidadesAbstractas.csproj", "{070075A1-6938-48C7-BCB5-9C3DEEC8F35D}"
EndProject
Project("{FAE04EC0-301F-11D3-BF4B-00C04F79EFBC}") = "ClasesInstanciables", "CalsesInstanciables\ClasesInstanciables.csproj", "{D6C3032A-8C44-4158-A399-7D9C800DE0A9}"
EndProject
Project("{FAE04EC0-301F-11D3-BF4B-00C04F79EFBC}") = "Archivos", "Archivos\Archivos.csproj", "{985584AC-02E0-49DC-9917-BB3543BA5577}"
EndProject
Project("{FAE04EC0-301F-11D3-BF4B-00C04F79EFBC}") = "Exepciones", "exepciones\Exepciones.csproj", "{CAC0814C-3222-448C-A2F0-35E6ACB2FA55}"
EndProject
Project("{FAE04EC0-301F-11D3-BF4B-00C04F79EFBC}") = "AplicacionConsola", "AplicacionConsola\AplicacionConsola.csproj", "{C6C945C5-CB33-4EBC-94BA-F7A99D3B28EE}"
EndProject
Project("{FAE04EC0-301F-11D3-BF4B-00C04F79EFBC}") = "Pruebas", "Pruebas\Pruebas.csproj", "{377569CB-E1EE-4B44-AAD9-94B75150E940}"
EndProject
Global
	GlobalSection(SolutionConfigurationPlatforms) = preSolution
		Debug|Any CPU = Debug|Any CPU
		Release|Any CPU = Release|Any CPU
	EndGlobalSection
	GlobalSection(ProjectConfigurationPlatforms) = postSolution
		{070075A1-6938-48C7-BCB5-9C3DEEC8F35D}.Debug|Any CPU.ActiveCfg = Debug|Any CPU
		{070075A1-6938-48C7-BCB5-9C3DEEC8F35D}.Debug|Any CPU.Build.0 = Debug|Any CPU
		{070075A1-6938-48C7-BCB5-9C3DEEC8F35D}.Release|Any CPU.ActiveCfg = Release|Any CPU
		{070075A1-6938-48C7-BCB5-9C3DEEC8F35D}.Release|Any CPU.Build.0 = Release|Any CPU
		{D6C3032A-8C44-4158-A399-7D9C800DE0A9}.Debug|Any CPU.ActiveCfg = Debug|Any CPU
		{D6C3032A-8C44-4158-A399-7D9C800DE0A9}.Debug|Any CPU.Build.0 = Debug|Any CPU
		{D6C3032A-8C44-4158-A399-7D9C800DE0A9}.Release|Any CPU.ActiveCfg = Release|Any CPU
		{D6C3032A-8C44-4158-A399-7D9C800DE0A9}.Release|Any CPU.Build.0 = Release|Any CPU
		{985584AC-02E0-49DC-9917-BB3543BA5577}.Debug|Any CPU.ActiveCfg = Debug|Any CPU
		{985584AC-02E0-49DC-9917-BB3543BA5577}.Debug|Any CPU.Build.0 = Debug|Any CPU
		{985584AC-02E0-49DC-9917-BB3543BA5577}.Release|Any CPU.ActiveCfg = Release|Any CPU
		{985584AC-02E0-49DC-9917-BB3543BA5577}.Release|Any CPU.Build.0 = Release|Any CPU
		{CAC0814C-3222-448C-A2F0-35E6ACB2FA55}.Debug|Any CPU.ActiveCfg = Debug|Any CPU
		{CAC0814C-3222-448C-A2F0-35E6ACB2FA55}.Debug|Any CPU.Build.0 = Debug|Any CPU
		{CAC0814C-3222-448C-A2F0-35E6ACB2FA55}.Release|Any CPU.ActiveCfg = Release|Any CPU
		{CAC0814C-3222-448C-A2F0-35E6ACB2FA55}.Release|Any CPU.Build.0 = Release|Any CPU
		{C6C945C5-CB33-4EBC-94BA-F7A99D3B28EE}.Debug|Any CPU.ActiveCfg = Debug|Any CPU
		{C6C945C5-CB33-4EBC-94BA-F7A99D3B28EE}.Debug|Any CPU.Build.0 = Debug|Any CPU
		{C6C945C5-CB33-4EBC-94BA-F7A99D3B28EE}.Release|Any CPU.ActiveCfg = Release|Any CPU
		{C6C945C5-CB33-4EBC-94BA-F7A99D3B28EE}.Release|Any CPU.Build.0 = Release|Any CPU
		{377569CB-E1EE-4B44-AAD9-94B75150E940}.Debug|Any CPU.ActiveCfg = Debug|Any CPU
		{377569CB-E1EE-4B44-AAD9-94B75150E940}.Debug|Any CPU.Build.0 = Debug|Any CPU
		{377569CB-E1EE-4B44-AAD9-94B75150E940}.Release|Any CPU.ActiveCfg = Release|Any CPU
		{377569CB-E1EE-4B44-AAD9-94B75150E940}.Release|Any CPU.Build.0 = Release|Any CPU
	EndGlobalSection
	GlobalSection(SolutionProperties) = preSolution
		HideSolutionNode = FALSE
	EndGlobalSection
	GlobalSection(ExtensibilityGlobals) = postSolution
		SolutionGuid = {4BC9654D-B4C3-4E9F-9757-0C3F71616E04}
	EndGlobalSection
EndGlobal
